
Microsoft Visual Studio Solution File, Format Version 12.00
# Visual Studio Version 17
VisualStudioVersion = 17.8.34525.116
MinimumVisualStudioVersion = 10.0.40219.1
Project("{FAE04EC0-301F-11D3-BF4B-00C04F79EFBC}") = "TaskManagerServiceApi", "TaskManagerServiceApi.csproj", "{F1F42430-B18E-451A-AD75-6B617C294C3B}"
EndProject
Global
	GlobalSection(SolutionConfigurationPlatforms) = preSolution
		Debug|Any CPU = Debug|Any CPU
		Release|Any CPU = Release|Any CPU
	EndGlobalSection
	GlobalSection(ProjectConfigurationPlatforms) = postSolution
		{F1F42430-B18E-451A-AD75-6B617C294C3B}.Debug|Any CPU.ActiveCfg = Debug|Any CPU
		{F1F42430-B18E-451A-AD75-6B617C294C3B}.Debug|Any CPU.Build.0 = Debug|Any CPU
		{F1F42430-B18E-451A-AD75-6B617C294C3B}.Release|Any CPU.ActiveCfg = Release|Any CPU
		{F1F42430-B18E-451A-AD75-6B617C294C3B}.Release|Any CPU.Build.0 = Release|Any CPU
	EndGlobalSection
	GlobalSection(SolutionProperties) = preSolution
		HideSolutionNode = FALSE
	EndGlobalSection
	GlobalSection(ExtensibilityGlobals) = postSolution
		SolutionGuid = {AE696A47-415D-46A4-92FD-8FC1B5DB0454}
	EndGlobalSection
EndGlobal
